
Microsoft Visual Studio Solution File, Format Version 12.00
# Visual Studio 15
VisualStudioVersion = 15.0.28307.329
MinimumVisualStudioVersion = 10.0.40219.1
Project("{FAE04EC0-301F-11D3-BF4B-00C04F79EFBC}") = "Publisher", "Publisher\Publisher.csproj", "{34B680E6-4B79-482F-A383-D640B4A5D893}"
EndProject
Project("{FAE04EC0-301F-11D3-BF4B-00C04F79EFBC}") = "Consumer", "Consumer\Consumer.csproj", "{A104AFC8-2B0B-4213-8116-802C14A87A32}"
EndProject
Global
	GlobalSection(SolutionConfigurationPlatforms) = preSolution
		Debug|Any CPU = Debug|Any CPU
		Release|Any CPU = Release|Any CPU
	EndGlobalSection
	GlobalSection(ProjectConfigurationPlatforms) = postSolution
		{34B680E6-4B79-482F-A383-D640B4A5D893}.Debug|Any CPU.ActiveCfg = Debug|Any CPU
		{34B680E6-4B79-482F-A383-D640B4A5D893}.Debug|Any CPU.Build.0 = Debug|Any CPU
		{34B680E6-4B79-482F-A383-D640B4A5D893}.Release|Any CPU.ActiveCfg = Release|Any CPU
		{34B680E6-4B79-482F-A383-D640B4A5D893}.Release|Any CPU.Build.0 = Release|Any CPU
		{A104AFC8-2B0B-4213-8116-802C14A87A32}.Debug|Any CPU.ActiveCfg = Debug|Any CPU
		{A104AFC8-2B0B-4213-8116-802C14A87A32}.Debug|Any CPU.Build.0 = Debug|Any CPU
		{A104AFC8-2B0B-4213-8116-802C14A87A32}.Release|Any CPU.ActiveCfg = Release|Any CPU
		{A104AFC8-2B0B-4213-8116-802C14A87A32}.Release|Any CPU.Build.0 = Release|Any CPU
	EndGlobalSection
	GlobalSection(SolutionProperties) = preSolution
		HideSolutionNode = FALSE
	EndGlobalSection
	GlobalSection(ExtensibilityGlobals) = postSolution
		SolutionGuid = {397F50C3-5C52-4C53-8681-2F6C737CE378}
	EndGlobalSection
EndGlobal
